
Microsoft Visual Studio Solution File, Format Version 12.00
# Visual Studio Version 16
VisualStudioVersion = 16.0.33423.256
MinimumVisualStudioVersion = 10.0.40219.1
Project("{FAE04EC0-301F-11D3-BF4B-00C04F79EFBC}") = "Ex04.Menus.Interfaces", "Ex04.Menus.Interfaces\Ex04.Menus.Interfaces.csproj", "{D26D5E78-7E04-48E0-9065-F85D5767067C}"
EndProject
Project("{FAE04EC0-301F-11D3-BF4B-00C04F79EFBC}") = "Ex04.Menus.Test", "Ex04.Menus.Test\Ex04.Menus.Test.csproj", "{A8C6B122-8CDF-4B36-AA6A-D97775B8EC97}"
EndProject
Project("{FAE04EC0-301F-11D3-BF4B-00C04F79EFBC}") = "Ex04.Menus.Delegates", "Ex04.Menus.Delegates\Ex04.Menus.Delegates.csproj", "{BC1C21AF-0361-4432-9745-35A9DD6663BC}"
EndProject
Global
	GlobalSection(SolutionConfigurationPlatforms) = preSolution
		Debug|Any CPU = Debug|Any CPU
		Release|Any CPU = Release|Any CPU
	EndGlobalSection
	GlobalSection(ProjectConfigurationPlatforms) = postSolution
		{D26D5E78-7E04-48E0-9065-F85D5767067C}.Debug|Any CPU.ActiveCfg = Debug|Any CPU
		{D26D5E78-7E04-48E0-9065-F85D5767067C}.Debug|Any CPU.Build.0 = Debug|Any CPU
		{D26D5E78-7E04-48E0-9065-F85D5767067C}.Release|Any CPU.ActiveCfg = Release|Any CPU
		{D26D5E78-7E04-48E0-9065-F85D5767067C}.Release|Any CPU.Build.0 = Release|Any CPU
		{A8C6B122-8CDF-4B36-AA6A-D97775B8EC97}.Debug|Any CPU.ActiveCfg = Debug|Any CPU
		{A8C6B122-8CDF-4B36-AA6A-D97775B8EC97}.Debug|Any CPU.Build.0 = Debug|Any CPU
		{A8C6B122-8CDF-4B36-AA6A-D97775B8EC97}.Release|Any CPU.ActiveCfg = Release|Any CPU
		{A8C6B122-8CDF-4B36-AA6A-D97775B8EC97}.Release|Any CPU.Build.0 = Release|Any CPU
		{BC1C21AF-0361-4432-9745-35A9DD6663BC}.Debug|Any CPU.ActiveCfg = Debug|Any CPU
		{BC1C21AF-0361-4432-9745-35A9DD6663BC}.Debug|Any CPU.Build.0 = Debug|Any CPU
		{BC1C21AF-0361-4432-9745-35A9DD6663BC}.Release|Any CPU.ActiveCfg = Release|Any CPU
		{BC1C21AF-0361-4432-9745-35A9DD6663BC}.Release|Any CPU.Build.0 = Release|Any CPU
	EndGlobalSection
	GlobalSection(SolutionProperties) = preSolution
		HideSolutionNode = FALSE
	EndGlobalSection
	GlobalSection(ExtensibilityGlobals) = postSolution
		SolutionGuid = {008F871A-4783-4D71-B339-C22FD805B569}
	EndGlobalSection
EndGlobal
